
Microsoft Visual Studio Solution File, Format Version 12.00
# Visual Studio Version 17
VisualStudioVersion = 17.14.36915.13 d17.14
MinimumVisualStudioVersion = 10.0.40219.1
Project("{FAE04EC0-301F-11D3-BF4B-00C04F79EFBC}") = "Combination", "Combination.csproj", "{DBBDB2CA-B64F-1569-2481-09CA53FD69C8}"
EndProject
Global
	GlobalSection(SolutionConfigurationPlatforms) = preSolution
		Debug|Any CPU = Debug|Any CPU
		Release|Any CPU = Release|Any CPU
	EndGlobalSection
	GlobalSection(ProjectConfigurationPlatforms) = postSolution
		{DBBDB2CA-B64F-1569-2481-09CA53FD69C8}.Debug|Any CPU.ActiveCfg = Debug|Any CPU
		{DBBDB2CA-B64F-1569-2481-09CA53FD69C8}.Debug|Any CPU.Build.0 = Debug|Any CPU
		{DBBDB2CA-B64F-1569-2481-09CA53FD69C8}.Release|Any CPU.ActiveCfg = Release|Any CPU
		{DBBDB2CA-B64F-1569-2481-09CA53FD69C8}.Release|Any CPU.Build.0 = Release|Any CPU
	EndGlobalSection
	GlobalSection(SolutionProperties) = preSolution
		HideSolutionNode = FALSE
	EndGlobalSection
	GlobalSection(ExtensibilityGlobals) = postSolution
		SolutionGuid = {EDDAA640-83FE-46A8-926A-49DB475DFFED}
	EndGlobalSection
EndGlobal
