{
  "version": 2,
  "dependencies": {
    "net10.0": {
      "Microsoft.Bcl.AsyncInterfaces": {
        "type": "Transitive",
        "resolved": "6.0.0",
        "contentHash": "UcSjPsst+DfAdJGVDsu346FX0ci0ah+lw3WRtn18NUwEqRt70HaOQ7lI72vy3+1LxtqI3T5GWwV39rQSrCzAeg=="
      },
      "Microsoft.Playwright": {
        "type": "Transitive",
        "resolved": "1.62.0",
        "contentHash": "cos6dmHPcMpS6bXw2WEgoXb8KXwMhs3c5L0P/cUf2rdUpjVA3g3u+KiSpVp2VCzsXymRpy2tFHqm+Wnz7s5VhQ==",
        "dependencies": {
          "Microsoft.Bcl.AsyncInterfaces": "6.0.0",
          "System.ComponentModel.Annotations": "5.0.0"
        }
      },
      "System.ComponentModel.Annotations": {
        "type": "Transitive",
        "resolved": "5.0.0",
        "contentHash": "dMkqfy2el8A8/I76n2Hi1oBFEbG1SfxD2l5nhwXV3XjlnOmwxJlQbYpJH4W51odnU9sARCSAgv7S3CyAFMkpYg=="
      },
      "husaynia.baselinecapture": {
        "type": "Project",
        "dependencies": {
          "Microsoft.Playwright": "[1.62.0, 1.62.0]"
        }
      }
    }
  }
}