
Microsoft Visual Studio Solution File, Format Version 12.00
# Visual Studio Version 17
VisualStudioVersion = 17.0.31903.59
MinimumVisualStudioVersion = 10.0.40219.1
Project("{2150E333-8FDC-42A3-9474-1A3956D46DE8}") = "src", "src", "{827E0CD3-B72D-47B6-A68D-7590B98EB39B}"
EndProject
Project("{FAE04EC0-301F-11D3-BF4B-00C04F79EFBC}") = "HusayniaTabruk.Api", "src\HusayniaTabruk.Api\HusayniaTabruk.Api.csproj", "{D3BEF59C-B4B6-454E-8E42-64119F2F8DBB}"
EndProject
Project("{FAE04EC0-301F-11D3-BF4B-00C04F79EFBC}") = "HusayniaTabruk.Application", "src\HusayniaTabruk.Application\HusayniaTabruk.Application.csproj", "{9E2A4F6F-EC1F-48B5-9A75-91F1508FB872}"
EndProject
Project("{FAE04EC0-301F-11D3-BF4B-00C04F79EFBC}") = "HusayniaTabruk.Domain", "src\HusayniaTabruk.Domain\HusayniaTabruk.Domain.csproj", "{9F2E5B4A-23A9-4EBB-BF94-F2403E0CEE61}"
EndProject
Project("{FAE04EC0-301F-11D3-BF4B-00C04F79EFBC}") = "HusayniaTabruk.Infrastructure", "src\HusayniaTabruk.Infrastructure\HusayniaTabruk.Infrastructure.csproj", "{6F1CBC36-7A61-4AC5-8A26-44EBF07CD3AE}"
EndProject
Project("{2150E333-8FDC-42A3-9474-1A3956D46DE8}") = "tests", "tests", "{0AB3BF05-4346-4AA6-1389-037BE0695223}"
EndProject
Project("{FAE04EC0-301F-11D3-BF4B-00C04F79EFBC}") = "HusayniaTabruk.Api.ContractTests", "tests\HusayniaTabruk.Api.ContractTests\HusayniaTabruk.Api.ContractTests.csproj", "{AC500AEC-F091-4D63-8BF2-EE447FDC85BC}"
EndProject
Project("{FAE04EC0-301F-11D3-BF4B-00C04F79EFBC}") = "HusayniaTabruk.Application.Tests", "tests\HusayniaTabruk.Application.Tests\HusayniaTabruk.Application.Tests.csproj", "{23EFCC30-8C69-4B8D-A5A6-31C53E60422E}"
EndProject
Project("{FAE04EC0-301F-11D3-BF4B-00C04F79EFBC}") = "HusayniaTabruk.Domain.Tests", "tests\HusayniaTabruk.Domain.Tests\HusayniaTabruk.Domain.Tests.csproj", "{CD3F50D2-3FD0-4765-95CF-1644EAEE8304}"
EndProject
Project("{FAE04EC0-301F-11D3-BF4B-00C04F79EFBC}") = "HusayniaTabruk.IntegrationTests", "tests\HusayniaTabruk.IntegrationTests\HusayniaTabruk.IntegrationTests.csproj", "{46CE669D-B003-4ABF-B7B7-AC39D68F9A52}"
EndProject
Global
	GlobalSection(SolutionConfigurationPlatforms) = preSolution
		Debug|Any CPU = Debug|Any CPU
		Debug|x64 = Debug|x64
		Debug|x86 = Debug|x86
		Release|Any CPU = Release|Any CPU
		Release|x64 = Release|x64
		Release|x86 = Release|x86
	EndGlobalSection
	GlobalSection(ProjectConfigurationPlatforms) = postSolution
		{D3BEF59C-B4B6-454E-8E42-64119F2F8DBB}.Debug|Any CPU.ActiveCfg = Debug|Any CPU
		{D3BEF59C-B4B6-454E-8E42-64119F2F8DBB}.Debug|Any CPU.Build.0 = Debug|Any CPU
		{D3BEF59C-B4B6-454E-8E42-64119F2F8DBB}.Debug|x64.ActiveCfg = Debug|Any CPU
		{D3BEF59C-B4B6-454E-8E42-64119F2F8DBB}.Debug|x64.Build.0 = Debug|Any CPU
		{D3BEF59C-B4B6-454E-8E42-64119F2F8DBB}.Debug|x86.ActiveCfg = Debug|Any CPU
		{D3BEF59C-B4B6-454E-8E42-64119F2F8DBB}.Debug|x86.Build.0 = Debug|Any CPU
		{D3BEF59C-B4B6-454E-8E42-64119F2F8DBB}.Release|Any CPU.ActiveCfg = Release|Any CPU
		{D3BEF59C-B4B6-454E-8E42-64119F2F8DBB}.Release|Any CPU.Build.0 = Release|Any CPU
		{D3BEF59C-B4B6-454E-8E42-64119F2F8DBB}.Release|x64.ActiveCfg = Release|Any CPU
		{D3BEF59C-B4B6-454E-8E42-64119F2F8DBB}.Release|x64.Build.0 = Release|Any CPU
		{D3BEF59C-B4B6-454E-8E42-64119F2F8DBB}.Release|x86.ActiveCfg = Release|Any CPU
		{D3BEF59C-B4B6-454E-8E42-64119F2F8DBB}.Release|x86.Build.0 = Release|Any CPU
		{9E2A4F6F-EC1F-48B5-9A75-91F1508FB872}.Debug|Any CPU.ActiveCfg = Debug|Any CPU
		{9E2A4F6F-EC1F-48B5-9A75-91F1508FB872}.Debug|Any CPU.Build.0 = Debug|Any CPU
		{9E2A4F6F-EC1F-48B5-9A75-91F1508FB872}.Debug|x64.ActiveCfg = Debug|Any CPU
		{9E2A4F6F-EC1F-48B5-9A75-91F1508FB872}.Debug|x64.Build.0 = Debug|Any CPU
		{9E2A4F6F-EC1F-48B5-9A75-91F1508FB872}.Debug|x86.ActiveCfg = Debug|Any CPU
		{9E2A4F6F-EC1F-48B5-9A75-91F1508FB872}.Debug|x86.Build.0 = Debug|Any CPU
		{9E2A4F6F-EC1F-48B5-9A75-91F1508FB872}.Release|Any CPU.ActiveCfg = Release|Any CPU
		{9E2A4F6F-EC1F-48B5-9A75-91F1508FB872}.Release|Any CPU.Build.0 = Release|Any CPU
		{9E2A4F6F-EC1F-48B5-9A75-91F1508FB872}.Release|x64.ActiveCfg = Release|Any CPU
		{9E2A4F6F-EC1F-48B5-9A75-91F1508FB872}.Release|x64.Build.0 = Release|Any CPU
		{9E2A4F6F-EC1F-48B5-9A75-91F1508FB872}.Release|x86.ActiveCfg = Release|Any CPU
		{9E2A4F6F-EC1F-48B5-9A75-91F1508FB872}.Release|x86.Build.0 = Release|Any CPU
		{9F2E5B4A-23A9-4EBB-BF94-F2403E0CEE61}.Debug|Any CPU.ActiveCfg = Debug|Any CPU
		{9F2E5B4A-23A9-4EBB-BF94-F2403E0CEE61}.Debug|Any CPU.Build.0 = Debug|Any CPU
		{9F2E5B4A-23A9-4EBB-BF94-F2403E0CEE61}.Debug|x64.ActiveCfg = Debug|Any CPU
		{9F2E5B4A-23A9-4EBB-BF94-F2403E0CEE61}.Debug|x64.Build.0 = Debug|Any CPU
		{9F2E5B4A-23A9-4EBB-BF94-F2403E0CEE61}.Debug|x86.ActiveCfg = Debug|Any CPU
		{9F2E5B4A-23A9-4EBB-BF94-F2403E0CEE61}.Debug|x86.Build.0 = Debug|Any CPU
		{9F2E5B4A-23A9-4EBB-BF94-F2403E0CEE61}.Release|Any CPU.ActiveCfg = Release|Any CPU
		{9F2E5B4A-23A9-4EBB-BF94-F2403E0CEE61}.Release|Any CPU.Build.0 = Release|Any CPU
		{9F2E5B4A-23A9-4EBB-BF94-F2403E0CEE61}.Release|x64.ActiveCfg = Release|Any CPU
		{9F2E5B4A-23A9-4EBB-BF94-F2403E0CEE61}.Release|x64.Build.0 = Release|Any CPU
		{9F2E5B4A-23A9-4EBB-BF94-F2403E0CEE61}.Release|x86.ActiveCfg = Release|Any CPU
		{9F2E5B4A-23A9-4EBB-BF94-F2403E0CEE61}.Release|x86.Build.0 = Release|Any CPU
		{6F1CBC36-7A61-4AC5-8A26-44EBF07CD3AE}.Debug|Any CPU.ActiveCfg = Debug|Any CPU
		{6F1CBC36-7A61-4AC5-8A26-44EBF07CD3AE}.Debug|Any CPU.Build.0 = Debug|Any CPU
		{6F1CBC36-7A61-4AC5-8A26-44EBF07CD3AE}.Debug|x64.ActiveCfg = Debug|Any CPU
		{6F1CBC36-7A61-4AC5-8A26-44EBF07CD3AE}.Debug|x64.Build.0 = Debug|Any CPU
		{6F1CBC36-7A61-4AC5-8A26-44EBF07CD3AE}.Debug|x86.ActiveCfg = Debug|Any CPU
		{6F1CBC36-7A61-4AC5-8A26-44EBF07CD3AE}.Debug|x86.Build.0 = Debug|Any CPU
		{6F1CBC36-7A61-4AC5-8A26-44EBF07CD3AE}.Release|Any CPU.ActiveCfg = Release|Any CPU
		{6F1CBC36-7A61-4AC5-8A26-44EBF07CD3AE}.Release|Any CPU.Build.0 = Release|Any CPU
		{6F1CBC36-7A61-4AC5-8A26-44EBF07CD3AE}.Release|x64.ActiveCfg = Release|Any CPU
		{6F1CBC36-7A61-4AC5-8A26-44EBF07CD3AE}.Release|x64.Build.0 = Release|Any CPU
		{6F1CBC36-7A61-4AC5-8A26-44EBF07CD3AE}.Release|x86.ActiveCfg = Release|Any CPU
		{6F1CBC36-7A61-4AC5-8A26-44EBF07CD3AE}.Release|x86.Build.0 = Release|Any CPU
		{AC500AEC-F091-4D63-8BF2-EE447FDC85BC}.Debug|Any CPU.ActiveCfg = Debug|Any CPU
		{AC500AEC-F091-4D63-8BF2-EE447FDC85BC}.Debug|Any CPU.Build.0 = Debug|Any CPU
		{AC500AEC-F091-4D63-8BF2-EE447FDC85BC}.Debug|x64.ActiveCfg = Debug|Any CPU
		{AC500AEC-F091-4D63-8BF2-EE447FDC85BC}.Debug|x64.Build.0 = Debug|Any CPU
		{AC500AEC-F091-4D63-8BF2-EE447FDC85BC}.Debug|x86.ActiveCfg = Debug|Any CPU
		{AC500AEC-F091-4D63-8BF2-EE447FDC85BC}.Debug|x86.Build.0 = Debug|Any CPU
		{AC500AEC-F091-4D63-8BF2-EE447FDC85BC}.Release|Any CPU.ActiveCfg = Release|Any CPU
		{AC500AEC-F091-4D63-8BF2-EE447FDC85BC}.Release|Any CPU.Build.0 = Release|Any CPU
		{AC500AEC-F091-4D63-8BF2-EE447FDC85BC}.Release|x64.ActiveCfg = Release|Any CPU
		{AC500AEC-F091-4D63-8BF2-EE447FDC85BC}.Release|x64.Build.0 = Release|Any CPU
		{AC500AEC-F091-4D63-8BF2-EE447FDC85BC}.Release|x86.ActiveCfg = Release|Any CPU
		{AC500AEC-F091-4D63-8BF2-EE447FDC85BC}.Release|x86.Build.0 = Release|Any CPU
		{23EFCC30-8C69-4B8D-A5A6-31C53E60422E}.Debug|Any CPU.ActiveCfg = Debug|Any CPU
		{23EFCC30-8C69-4B8D-A5A6-31C53E60422E}.Debug|Any CPU.Build.0 = Debug|Any CPU
		{23EFCC30-8C69-4B8D-A5A6-31C53E60422E}.Debug|x64.ActiveCfg = Debug|Any CPU
		{23EFCC30-8C69-4B8D-A5A6-31C53E60422E}.Debug|x64.Build.0 = Debug|Any CPU
		{23EFCC30-8C69-4B8D-A5A6-31C53E60422E}.Debug|x86.ActiveCfg = Debug|Any CPU
		{23EFCC30-8C69-4B8D-A5A6-31C53E60422E}.Debug|x86.Build.0 = Debug|Any CPU
		{23EFCC30-8C69-4B8D-A5A6-31C53E60422E}.Release|Any CPU.ActiveCfg = Release|Any CPU
		{23EFCC30-8C69-4B8D-A5A6-31C53E60422E}.Release|Any CPU.Build.0 = Release|Any CPU
		{23EFCC30-8C69-4B8D-A5A6-31C53E60422E}.Release|x64.ActiveCfg = Release|Any CPU
		{23EFCC30-8C69-4B8D-A5A6-31C53E60422E}.Release|x64.Build.0 = Release|Any CPU
		{23EFCC30-8C69-4B8D-A5A6-31C53E60422E}.Release|x86.ActiveCfg = Release|Any CPU
		{23EFCC30-8C69-4B8D-A5A6-31C53E60422E}.Release|x86.Build.0 = Release|Any CPU
		{CD3F50D2-3FD0-4765-95CF-1644EAEE8304}.Debug|Any CPU.ActiveCfg = Debug|Any CPU
		{CD3F50D2-3FD0-4765-95CF-1644EAEE8304}.Debug|Any CPU.Build.0 = Debug|Any CPU
		{CD3F50D2-3FD0-4765-95CF-1644EAEE8304}.Debug|x64.ActiveCfg = Debug|Any CPU
		{CD3F50D2-3FD0-4765-95CF-1644EAEE8304}.Debug|x64.Build.0 = Debug|Any CPU
		{CD3F50D2-3FD0-4765-95CF-1644EAEE8304}.Debug|x86.ActiveCfg = Debug|Any CPU
		{CD3F50D2-3FD0-4765-95CF-1644EAEE8304}.Debug|x86.Build.0 = Debug|Any CPU
		{CD3F50D2-3FD0-4765-95CF-1644EAEE8304}.Release|Any CPU.ActiveCfg = Release|Any CPU
		{CD3F50D2-3FD0-4765-95CF-1644EAEE8304}.Release|Any CPU.Build.0 = Release|Any CPU
		{CD3F50D2-3FD0-4765-95CF-1644EAEE8304}.Release|x64.ActiveCfg = Release|Any CPU
		{CD3F50D2-3FD0-4765-95CF-1644EAEE8304}.Release|x64.Build.0 = Release|Any CPU
		{CD3F50D2-3FD0-4765-95CF-1644EAEE8304}.Release|x86.ActiveCfg = Release|Any CPU
		{CD3F50D2-3FD0-4765-95CF-1644EAEE8304}.Release|x86.Build.0 = Release|Any CPU
		{46CE669D-B003-4ABF-B7B7-AC39D68F9A52}.Debug|Any CPU.ActiveCfg = Debug|Any CPU
		{46CE669D-B003-4ABF-B7B7-AC39D68F9A52}.Debug|Any CPU.Build.0 = Debug|Any CPU
		{46CE669D-B003-4ABF-B7B7-AC39D68F9A52}.Debug|x64.ActiveCfg = Debug|Any CPU
		{46CE669D-B003-4ABF-B7B7-AC39D68F9A52}.Debug|x64.Build.0 = Debug|Any CPU
		{46CE669D-B003-4ABF-B7B7-AC39D68F9A52}.Debug|x86.ActiveCfg = Debug|Any CPU
		{46CE669D-B003-4ABF-B7B7-AC39D68F9A52}.Debug|x86.Build.0 = Debug|Any CPU
		{46CE669D-B003-4ABF-B7B7-AC39D68F9A52}.Release|Any CPU.ActiveCfg = Release|Any CPU
		{46CE669D-B003-4ABF-B7B7-AC39D68F9A52}.Release|Any CPU.Build.0 = Release|Any CPU
		{46CE669D-B003-4ABF-B7B7-AC39D68F9A52}.Release|x64.ActiveCfg = Release|Any CPU
		{46CE669D-B003-4ABF-B7B7-AC39D68F9A52}.Release|x64.Build.0 = Release|Any CPU
		{46CE669D-B003-4ABF-B7B7-AC39D68F9A52}.Release|x86.ActiveCfg = Release|Any CPU
		{46CE669D-B003-4ABF-B7B7-AC39D68F9A52}.Release|x86.Build.0 = Release|Any CPU
	EndGlobalSection
	GlobalSection(SolutionProperties) = preSolution
		HideSolutionNode = FALSE
	EndGlobalSection
	GlobalSection(NestedProjects) = preSolution
		{D3BEF59C-B4B6-454E-8E42-64119F2F8DBB} = {827E0CD3-B72D-47B6-A68D-7590B98EB39B}
		{9E2A4F6F-EC1F-48B5-9A75-91F1508FB872} = {827E0CD3-B72D-47B6-A68D-7590B98EB39B}
		{9F2E5B4A-23A9-4EBB-BF94-F2403E0CEE61} = {827E0CD3-B72D-47B6-A68D-7590B98EB39B}
		{6F1CBC36-7A61-4AC5-8A26-44EBF07CD3AE} = {827E0CD3-B72D-47B6-A68D-7590B98EB39B}
		{AC500AEC-F091-4D63-8BF2-EE447FDC85BC} = {0AB3BF05-4346-4AA6-1389-037BE0695223}
		{23EFCC30-8C69-4B8D-A5A6-31C53E60422E} = {0AB3BF05-4346-4AA6-1389-037BE0695223}
		{CD3F50D2-3FD0-4765-95CF-1644EAEE8304} = {0AB3BF05-4346-4AA6-1389-037BE0695223}
		{46CE669D-B003-4ABF-B7B7-AC39D68F9A52} = {0AB3BF05-4346-4AA6-1389-037BE0695223}
	EndGlobalSection
EndGlobal
